
Microsoft Visual Studio Solution File, Format Version 12.00
# Visual Studio Version 17
VisualStudioVersion = 17.2.32630.192
MinimumVisualStudioVersion = 10.0.40219.1
Project("{FAE04EC0-301F-11D3-BF4B-00C04F79EFBC}") = "NZWalks.API", "NZWalks.API\NZWalks.API.csproj", "{8F1E9969-93F9-4776-9BE5-1AD7D2C03650}"
EndProject
Global
	GlobalSection(SolutionConfigurationPlatforms) = preSolution
		Debug|Any CPU = Debug|Any CPU
		Release|Any CPU = Release|Any CPU
	EndGlobalSection
	GlobalSection(ProjectConfigurationPlatforms) = postSolution
		{8F1E9969-93F9-4776-9BE5-1AD7D2C03650}.Debug|Any CPU.ActiveCfg = Debug|Any CPU
		{8F1E9969-93F9-4776-9BE5-1AD7D2C03650}.Debug|Any CPU.Build.0 = Debug|Any CPU
		{8F1E9969-93F9-4776-9BE5-1AD7D2C03650}.Release|Any CPU.ActiveCfg = Release|Any CPU
		{8F1E9969-93F9-4776-9BE5-1AD7D2C03650}.Release|Any CPU.Build.0 = Release|Any CPU
	EndGlobalSection
	GlobalSection(SolutionProperties) = preSolution
		HideSolutionNode = FALSE
	EndGlobalSection
	GlobalSection(ExtensibilityGlobals) = postSolution
		SolutionGuid = {31B3BB3F-E804-4FD1-9A1E-FF5CFA00B7D3}
	EndGlobalSection
EndGlobal
